
Microsoft Visual Studio Solution File, Format Version 12.00
# Visual Studio Version 16
VisualStudioVersion = 25.0.1704.4
MinimumVisualStudioVersion = 10.0.40219.1
Project("{FAE04EC0-301F-11D3-BF4B-00C04F79EFBC}") = "CalculatorConsole", "CalculatorConsole\CalculatorConsole.csproj", "{7705BAC8-72B6-454A-AB1A-AD0C9239322D}"
EndProject
Global
	GlobalSection(SolutionConfigurationPlatforms) = preSolution
		Debug|Any CPU = Debug|Any CPU
		Release|Any CPU = Release|Any CPU
	EndGlobalSection
	GlobalSection(ProjectConfigurationPlatforms) = postSolution
		{7705BAC8-72B6-454A-AB1A-AD0C9239322D}.Debug|Any CPU.ActiveCfg = Debug|Any CPU
		{7705BAC8-72B6-454A-AB1A-AD0C9239322D}.Debug|Any CPU.Build.0 = Debug|Any CPU
		{7705BAC8-72B6-454A-AB1A-AD0C9239322D}.Release|Any CPU.ActiveCfg = Release|Any CPU
		{7705BAC8-72B6-454A-AB1A-AD0C9239322D}.Release|Any CPU.Build.0 = Release|Any CPU
	EndGlobalSection
	GlobalSection(SolutionProperties) = preSolution
		HideSolutionNode = FALSE
	EndGlobalSection
	GlobalSection(ExtensibilityGlobals) = postSolution
		SolutionGuid = {B1A7D51F-19FB-4F39-8019-F5D576484A2C}
	EndGlobalSection
EndGlobal
